
Microsoft Visual Studio Solution File, Format Version 12.00
# Visual Studio Version 17
VisualStudioVersion = 17.1.32407.343
MinimumVisualStudioVersion = 10.0.40219.1
Project("{FAE04EC0-301F-11D3-BF4B-00C04F79EFBC}") = "MetanitASPLearn", "MetanitASPLearn\MetanitASPLearn.csproj", "{3DACE813-4FF7-4054-BB6D-6A60D17AF826}"
EndProject
Global
	GlobalSection(SolutionConfigurationPlatforms) = preSolution
		Debug|Any CPU = Debug|Any CPU
		Release|Any CPU = Release|Any CPU
	EndGlobalSection
	GlobalSection(ProjectConfigurationPlatforms) = postSolution
		{3DACE813-4FF7-4054-BB6D-6A60D17AF826}.Debug|Any CPU.ActiveCfg = Debug|Any CPU
		{3DACE813-4FF7-4054-BB6D-6A60D17AF826}.Debug|Any CPU.Build.0 = Debug|Any CPU
		{3DACE813-4FF7-4054-BB6D-6A60D17AF826}.Release|Any CPU.ActiveCfg = Release|Any CPU
		{3DACE813-4FF7-4054-BB6D-6A60D17AF826}.Release|Any CPU.Build.0 = Release|Any CPU
	EndGlobalSection
	GlobalSection(SolutionProperties) = preSolution
		HideSolutionNode = FALSE
	EndGlobalSection
	GlobalSection(ExtensibilityGlobals) = postSolution
		SolutionGuid = {0DDF46F2-5E92-4E70-AD8A-03F21DDE0FAA}
	EndGlobalSection
EndGlobal
